
Microsoft Visual Studio Solution File, Format Version 12.00
# Visual Studio Version 17
VisualStudioVersion = 17.6.33706.43
MinimumVisualStudioVersion = 10.0.40219.1
Project("{FAE04EC0-301F-11D3-BF4B-00C04F79EFBC}") = "TekroApiDemoClient", "TekroApiDemoClient\TekroApiDemoClient.csproj", "{0C2F1F27-6BC6-4E27-8E3F-53445E3C3EB4}"
EndProject
Global
	GlobalSection(SolutionConfigurationPlatforms) = preSolution
		Debug|Any CPU = Debug|Any CPU
		Release|Any CPU = Release|Any CPU
	EndGlobalSection
	GlobalSection(ProjectConfigurationPlatforms) = postSolution
		{0C2F1F27-6BC6-4E27-8E3F-53445E3C3EB4}.Debug|Any CPU.ActiveCfg = Debug|Any CPU
		{0C2F1F27-6BC6-4E27-8E3F-53445E3C3EB4}.Debug|Any CPU.Build.0 = Debug|Any CPU
		{0C2F1F27-6BC6-4E27-8E3F-53445E3C3EB4}.Release|Any CPU.ActiveCfg = Release|Any CPU
		{0C2F1F27-6BC6-4E27-8E3F-53445E3C3EB4}.Release|Any CPU.Build.0 = Release|Any CPU
	EndGlobalSection
	GlobalSection(SolutionProperties) = preSolution
		HideSolutionNode = FALSE
	EndGlobalSection
	GlobalSection(ExtensibilityGlobals) = postSolution
		SolutionGuid = {56D92226-27A5-4A02-BADB-90F81C655765}
	EndGlobalSection
EndGlobal
